// !$*UTF8*$!
{
	archiveVersion = 1;
	classes = {
	};
	objectVersion = 46;
	objects = {

/* Begin PBXBuildFile section */
		AC15C0C51C552AF8001260E4 /* AppDelegate.swift in Sources */ = {isa = PBXBuildFile; fileRef = AC15C0C41C552AF8001260E4 /* AppDelegate.swift */; };
		AC15C0C71C552AF8001260E4 /* ViewController.swift in Sources */ = {isa = PBXBuildFile; fileRef = AC15C0C61C552AF8001260E4 /* ViewController.swift */; };
		AC15C0CA1C552AF8001260E4 /* Main.storyboard in Resources */ = {isa = PBXBuildFile; fileRef = AC15C0C81C552AF8001260E4 /* Main.storyboard */; };
		AC15C0CC1C552AF8001260E4 /* Assets.xcassets in Resources */ = {isa = PBXBuildFile; fileRef = AC15C0CB1C552AF8001260E4 /* Assets.xcassets */; };
		AC15C0CF1C552AF8001260E4 /* LaunchScreen.storyboard in Resources */ = {isa = PBXBuildFile; fileRef = AC15C0CD1C552AF8001260E4 /* LaunchScreen.storyboard */; };
		AC15C0DA1C552AF8001260E4 /* Cat_YearTests.swift in Sources */ = {isa = PBXBuildFile; fileRef = AC15C0D91C552AF8001260E4 /* Cat_YearTests.swift */; };
		AC15C0E51C552AF8001260E4 /* Cat_YearUITests.swift in Sources */ = {isa = PBXBuildFile; fileRef = AC15C0E41C552AF8001260E4 /* Cat_YearUITests.swift */; };
		AC15C0F31C552CA3001260E4 /* cutecat.jpg in Resources */ = {isa = PBXBuildFile; fileRef = AC15C0F21C552CA3001260E4 /* cutecat.jpg */; };
/* End PBXBuildFile section */

/* Begin PBXContainerItemProxy section */
		AC15C0D61C552AF8001260E4 /* PBXContainerItemProxy */ = {
			isa = PBXContainerItemProxy;
			containerPortal = AC15C0B91C552AF8001260E4 /* Project object */;
			proxyType = 1;
			remoteGlobalIDString = AC15C0C01C552AF8001260E4;
			remoteInfo = "Cat Year";
		};
		AC15C0E11C552AF8001260E4 /* PBXContainerItemProxy */ = {
			isa = PBXContainerItemProxy;
			containerPortal = AC15C0B91C552AF8001260E4 /* Project object */;
			proxyType = 1;
			remoteGlobalIDString = AC15C0C01C552AF8001260E4;
			remoteInfo = "Cat Year";
		};
/* End PBXContainerItemProxy section */

/* Begin PBXFileReference section */
		AC15C0C11C552AF8001260E4 /* Cat Year.app */ = {isa = PBXFileReference; explicitFileType = wrapper.application; includeInIndex = 0; path = "Cat Year.app"; sourceTree = BUILT_PRODUCTS_DIR; };
		AC15C0C41C552AF8001260E4 /* AppDelegate.swift */ = {isa = PBXFileReference; lastKnownFileType = sourcecode.swift; path = AppDelegate.swift; sourceTree = "<group>"; };
		AC15C0C61C552AF8001260E4 /* ViewController.swift */ = {isa = PBXFileReference; lastKnownFileType = sourcecode.swift; path = ViewController.swift; sourceTree = "<group>"; };
		AC15C0C91C552AF8001260E4 /* Base */ = {isa = PBXFileReference; lastKnownFileType = file.storyboard; name = Base; path = Base.lproj/Main.storyboard; sourceTree = "<group>"; };
		AC15C0CB1C552AF8001260E4 /* Assets.xcassets */ = {isa = PBXFileReference; lastKnownFileType = folder.assetcatalog; path = Assets.xcassets; sourceTree = "<group>"; };
		AC15C0CE1C552AF8001260E4 /* Base */ = {isa = PBXFileReference; lastKnownFileType = file.storyboard; name = Base; path = Base.lproj/LaunchScreen.storyboard; sourceTree = "<group>"; };
		AC15C0D01C552AF8001260E4 /* Info.plist */ = {isa = PBXFileReference; lastKnownFileType = text.plist.xml; path = Info.plist; sourceTree = "<group>"; };
		AC15C0D51C552AF8001260E4 /* Cat YearTests.xctest */ = {isa = PBXFileReference; explicitFileType = wrapper.cfbundle; includeInIndex = 0; path = "Cat YearTests.xctest"; sourceTree = BUILT_PRODUCTS_DIR; };
		AC15C0D91C552AF8001260E4 /* Cat_YearTests.swift */ = {isa = PBXFileReference; lastKnownFileType = sourcecode.swift; path = Cat_YearTests.swift; sourceTree = "<group>"; };
		AC15C0DB1C552AF8001260E4 /* Info.plist */ = {isa = PBXFileReference; lastKnownFileType = text.plist.xml; path = Info.plist; sourceTree = "<group>"; };
		AC15C0E01C552AF8001260E4 /* Cat YearUITests.xctest */ = {isa = PBXFileReference; explicitFileType = wrapper.cfbundle; includeInIndex = 0; path = "Cat YearUITests.xctest"; sourceTree = BUILT_PRODUCTS_DIR; };
		AC15C0E41C552AF8001260E4 /* Cat_YearUITests.swift */ = {isa = PBXFileReference; lastKnownFileType = sourcecode.swift; path = Cat_YearUITests.swift; sourceTree = "<group>"; };
		AC15C0E61C552AF8001260E4 /* Info.plist */ = {isa = PBXFileReference; lastKnownFileType = text.plist.xml; path = Info.plist; sourceTree = "<group>"; };
		AC15C0F21C552CA3001260E4 /* cutecat.jpg */ = {isa = PBXFileReference; lastKnownFileType = image.jpeg; path = cutecat.jpg; sourceTree = "<group>"; };
/* End PBXFileReference section */

/* Begin PBXFrameworksBuildPhase section */
		AC15C0BE1C552AF8001260E4 /* Frameworks */ = {
			isa = PBXFrameworksBuildPhase;
			buildActionMask = 2147483647;
			files = (
			);
			runOnlyForDeploymentPostprocessing = 0;
		};
		AC15C0D21C552AF8001260E4 /* Frameworks */ = {
			isa = PBXFrameworksBuildPhase;
			buildActionMask = 2147483647;
			files = (
			);
			runOnlyForDeploymentPostprocessing = 0;
		};
		AC15C0DD1C552AF8001260E4 /* Frameworks */ = {
			isa = PBXFrameworksBuildPhase;
			buildActionMask = 2147483647;
			files = (
			);
			runOnlyForDeploymentPostprocessing = 0;
		};
/* End PBXFrameworksBuildPhase section */

/* Begin PBXGroup section */
		AC15C0B81C552AF8001260E4 = {
			isa = PBXGroup;
			children = (
				AC15C0C31C552AF8001260E4 /* Cat Year */,
				AC15C0D81C552AF8001260E4 /* Cat YearTests */,
				AC15C0E31C552AF8001260E4 /* Cat YearUITests */,
				AC15C0C21C552AF8001260E4 /* Products */,
			);
			sourceTree = "<group>";
		};
		AC15C0C21C552AF8001260E4 /* Products */ = {
			isa = PBXGroup;
			children = (
				AC15C0C11C552AF8001260E4 /* Cat Year.app */,
				AC15C0D51C552AF8001260E4 /* Cat YearTests.xctest */,
				AC15C0E01C552AF8001260E4 /* Cat YearUITests.xctest */,
			);
			name = Products;
			sourceTree = "<group>";
		};
		AC15C0C31C552AF8001260E4 /* Cat Year */ = {
			isa = PBXGroup;
			children = (
				AC15C0C41C552AF8001260E4 /* AppDelegate.swift */,
				AC15C0C61C552AF8001260E4 /* ViewController.swift */,
				AC15C0C81C552AF8001260E4 /* Main.storyboard */,
				AC15C0CB1C552AF8001260E4 /* Assets.xcassets */,
				AC15C0CD1C552AF8001260E4 /* LaunchScreen.storyboard */,
				AC15C0D01C552AF8001260E4 /* Info.plist */,
				AC15C0F21C552CA3001260E4 /* cutecat.jpg */,
			);
			path = "Cat Year";
			sourceTree = "<group>";
		};
		AC15C0D81C552AF8001260E4 /* Cat YearTests */ = {
			isa = PBXGroup;
			children = (
				AC15C0D91C552AF8001260E4 /* Cat_YearTests.swift */,
				AC15C0DB1C552AF8001260E4 /* Info.plist */,
			);
			path = "Cat YearTests";
			sourceTree = "<group>";
		};
		AC15C0E31C552AF8001260E4 /* Cat YearUITests */ = {
			isa = PBXGroup;
			children = (
				AC15C0E41C552AF8001260E4 /* Cat_YearUITests.swift */,
				AC15C0E61C552AF8001260E4 /* Info.plist */,
			);
			path = "Cat YearUITests";
			sourceTree = "<group>";
		};
/* End PBXGroup section */

/* Begin PBXNativeTarget section */
		AC15C0C01C552AF8001260E4 /* Cat Year */ = {
			isa = PBXNativeTarget;
			buildConfigurationList = AC15C0E91C552AF8001260E4 /* Build configuration list for PBXNativeTarget "Cat Year" */;
			buildPhases = (
				AC15C0BD1C552AF8001260E4 /* Sources */,
				AC15C0BE1C552AF8001260E4 /* Frameworks */,
				AC15C0BF1C552AF8001260E4 /* Resources */,
			);
			buildRules = (
			);
			dependencies = (
			);
			name = "Cat Year";
			productName = "Cat Year";
			productReference = AC15C0C11C552AF8001260E4 /* Cat Year.app */;
			productType = "com.apple.product-type.application";
		};
		AC15C0D41C552AF8001260E4 /* Cat YearTests */ = {
			isa = PBXNativeTarget;
			buildConfigurationList = AC15C0EC1C552AF8001260E4 /* Build configuration list for PBXNativeTarget "Cat YearTests" */;
			buildPhases = (
				AC15C0D11C552AF8001260E4 /* Sources */,
				AC15C0D21C552AF8001260E4 /* Frameworks */,
				AC15C0D31C552AF8001260E4 /* Resources */,
			);
			buildRules = (
			);
			dependencies = (
				AC15C0D71C552AF8001260E4 /* PBXTargetDependency */,
			);
			name = "Cat YearTests";
			productName = "Cat YearTests";
			productReference = AC15C0D51C552AF8001260E4 /* Cat YearTests.xctest */;
			productType = "com.apple.product-type.bundle.unit-test";
		};
		AC15C0DF1C552AF8001260E4 /* Cat YearUITests */ = {
			isa = PBXNativeTarget;
			buildConfigurationList = AC15C0EF1C552AF8001260E4 /* Build configuration list for PBXNativeTarget "Cat YearUITests" */;
			buildPhases = (
				AC15C0DC1C552AF8001260E4 /* Sources */,
				AC15C0DD1C552AF8001260E4 /* Frameworks */,
				AC15C0DE1C552AF8001260E4 /* Resources */,
			);
			buildRules = (
			);
			dependencies = (
				AC15C0E21C552AF8001260E4 /* PBXTargetDependency */,
			);
			name = "Cat YearUITests";
			productName = "Cat YearUITests";
			productReference = AC15C0E01C552AF8001260E4 /* Cat YearUITests.xctest */;
			productType = "com.apple.product-type.bundle.ui-testing";
		};
/* End PBXNativeTarget section */

/* Begin PBXProject section */
		AC15C0B91C552AF8001260E4 /* Project object */ = {
			isa = PBXProject;
			attributes = {
				LastSwiftUpdateCheck = 0720;
				LastUpgradeCheck = 0720;
				ORGANIZATIONNAME = "Adisorn Chatnaratanakun";
				TargetAttributes = {
					AC15C0C01C552AF8001260E4 = {
						CreatedOnToolsVersion = 7.2;
						DevelopmentTeam = 24BPV7MJFM;
					};
					AC15C0D41C552AF8001260E4 = {
						CreatedOnToolsVersion = 7.2;
						TestTargetID = AC15C0C01C552AF8001260E4;
					};
					AC15C0DF1C552AF8001260E4 = {
						CreatedOnToolsVersion = 7.2;
						TestTargetID = AC15C0C01C552AF8001260E4;
					};
				};
			};
			buildConfigurationList = AC15C0BC1C552AF8001260E4 /* Build configuration list for PBXProject "Cat Year" */;
			compatibilityVersion = "Xcode 3.2";
			developmentRegion = English;
			hasScannedForEncodings = 0;
			knownRegions = (
				en,
				Base,
			);
			mainGroup = AC15C0B81C552AF8001260E4;
			productRefGroup = AC15C0C21C552AF8001260E4 /* Products */;
			projectDirPath = "";
			projectRoot = "";
			targets = (
				AC15C0C01C552AF8001260E4 /* Cat Year */,
				AC15C0D41C552AF8001260E4 /* Cat YearTests */,
				AC15C0DF1C552AF8001260E4 /* Cat YearUITests */,
			);
		};
/* End PBXProject section */

/* Begin PBXResourcesBuildPhase section */
		AC15C0BF1C552AF8001260E4 /* Resources */ = {
			isa = PBXResourcesBuildPhase;
			buildActionMask = 2147483647;
			files = (
				AC15C0CF1C552AF8001260E4 /* LaunchScreen.storyboard in Resources */,
				AC15C0CC1C552AF8001260E4 /* Assets.xcassets in Resources */,
				AC15C0CA1C552AF8001260E4 /* Main.storyboard in Resources */,
				AC15C0F31C552CA3001260E4 /* cutecat.jpg in Resources */,
			);
			runOnlyForDeploymentPostprocessing = 0;
		};
		AC15C0D31C552AF8001260E4 /* Resources */ = {
			isa = PBXResourcesBuildPhase;
			buildActionMask = 2147483647;
			files = (
			);
			runOnlyForDeploymentPostprocessing = 0;
		};
		AC15C0DE1C552AF8001260E4 /* Resources */ = {
			isa = PBXResourcesBuildPhase;
			buildActionMask = 2147483647;
			files = (
			);
			runOnlyForDeploymentPostprocessing = 0;
		};
/* End PBXResourcesBuildPhase section */

/* Begin PBXSourcesBuildPhase section */
		AC15C0BD1C552AF8001260E4 /* Sources */ = {
			isa = PBXSourcesBuildPhase;
			buildActionMask = 2147483647;
			files = (
				AC15C0C71C552AF8001260E4 /* ViewController.swift in Sources */,
				AC15C0C51C552AF8001260E4 /* AppDelegate.swift in Sources */,
			);
			runOnlyForDeploymentPostprocessing = 0;
		};
		AC15C0D11C552AF8001260E4 /* Sources */ = {
			isa = PBXSourcesBuildPhase;
			buildActionMask = 2147483647;
			files = (
				AC15C0DA1C552AF8001260E4 /* Cat_YearTests.swift in Sources */,
			);
			runOnlyForDeploymentPostprocessing = 0;
		};
		AC15C0DC1C552AF8001260E4 /* Sources */ = {
			isa = PBXSourcesBuildPhase;
			buildActionMask = 2147483647;
			files = (
				AC15C0E51C552AF8001260E4 /* Cat_YearUITests.swift in Sources */,
			);
			runOnlyForDeploymentPostprocessing = 0;
		};
/* End PBXSourcesBuildPhase section */

/* Begin PBXTargetDependency section */
		AC15C0D71C552AF8001260E4 /* PBXTargetDependency */ = {
			isa = PBXTargetDependency;
			target = AC15C0C01C552AF8001260E4 /* Cat Year */;
			targetProxy = AC15C0D61C552AF8001260E4 /* PBXContainerItemProxy */;
		};
		AC15C0E21C552AF8001260E4 /* PBXTargetDependency */ = {
			isa = PBXTargetDependency;
			target = AC15C0C01C552AF8001260E4 /* Cat Year */;
			targetProxy = AC15C0E11C552AF8001260E4 /* PBXContainerItemProxy */;
		};
/* End PBXTargetDependency section */

/* Begin PBXVariantGroup section */
		AC15C0C81C552AF8001260E4 /* Main.storyboard */ = {
			isa = PBXVariantGroup;
			children = (
				AC15C0C91C552AF8001260E4 /* Base */,
			);
			name = Main.storyboard;
			sourceTree = "<group>";
		};
		AC15C0CD1C552AF8001260E4 /* LaunchScreen.storyboard */ = {
			isa = PBXVariantGroup;
			children = (
				AC15C0CE1C552AF8001260E4 /* Base */,
			);
			name = LaunchScreen.storyboard;
			sourceTree = "<group>";
		};
/* End PBXVariantGroup section */

/* Begin XCBuildConfiguration section */
		AC15C0E71C552AF8001260E4 /* Debug */ = {
			isa = XCBuildConfiguration;
			buildSettings = {
				ALWAYS_SEARCH_USER_PATHS = NO;
				CLANG_CXX_LANGUAGE_STANDARD = "gnu++0x";
				CLANG_CXX_LIBRARY = "libc++";
				CLANG_ENABLE_MODULES = YES;
				CLANG_ENABLE_OBJC_ARC = YES;
				CLANG_WARN_BOOL_CONVERSION = YES;
				CLANG_WARN_CONSTANT_CONVERSION = YES;
				CLANG_WARN_DIRECT_OBJC_ISA_USAGE = YES_ERROR;
				CLANG_WARN_EMPTY_BODY = YES;
				CLANG_WARN_ENUM_CONVERSION = YES;
				CLANG_WARN_INT_CONVERSION = YES;
				CLANG_WARN_OBJC_ROOT_CLASS = YES_ERROR;
				CLANG_WARN_UNREACHABLE_CODE = YES;
				CLANG_WARN__DUPLICATE_METHOD_MATCH = YES;
				"CODE_SIGN_IDENTITY[sdk=iphoneos*]" = "iPhone Developer";
				COPY_PHASE_STRIP = NO;
				DEBUG_INFORMATION_FORMAT = dwarf;
				ENABLE_STRICT_OBJC_MSGSEND = YES;
				ENABLE_TESTABILITY = YES;
				GCC_C_LANGUAGE_STANDARD = gnu99;
				GCC_DYNAMIC_NO_PIC = NO;
				GCC_NO_COMMON_BLOCKS = YES;
				GCC_OPTIMIZATION_LEVEL = 0;
				GCC_PREPROCESSOR_DEFINITIONS = (
					"DEBUG=1",
					"$(inherited)",
				);
				GCC_WARN_64_TO_32_BIT_CONVERSION = YES;
				GCC_WARN_ABOUT_RETURN_TYPE = YES_ERROR;
				GCC_WARN_UNDECLARED_SELECTOR = YES;
				GCC_WARN_UNINITIALIZED_AUTOS = YES_AGGRESSIVE;
				GCC_WARN_UNUSED_FUNCTION = YES;
				GCC_WARN_UNUSED_VARIABLE = YES;
				IPHONEOS_DEPLOYMENT_TARGET = 9.2;
				MTL_ENABLE_DEBUG_INFO = YES;
				ONLY_ACTIVE_ARCH = YES;
				SDKROOT = iphoneos;
				SWIFT_OPTIMIZATION_LEVEL = "-Onone";
			};
			name = Debug;
		};
		AC15C0E81C552AF8001260E4 /* Release */ = {
			isa = XCBuildConfiguration;
			buildSettings = {
				ALWAYS_SEARCH_USER_PATHS = NO;
				CLANG_CXX_LANGUAGE_STANDARD = "gnu++0x";
				CLANG_CXX_LIBRARY = "libc++";
				CLANG_ENABLE_MODULES = YES;
				CLANG_ENABLE_OBJC_ARC = YES;
				CLANG_WARN_BOOL_CONVERSION = YES;
				CLANG_WARN_CONSTANT_CONVERSION = YES;
				CLANG_WARN_DIRECT_OBJC_ISA_USAGE = YES_ERROR;
				CLANG_WARN_EMPTY_BODY = YES;
				CLANG_WARN_ENUM_CONVERSION = YES;
				CLANG_WARN_INT_CONVERSION = YES;
				CLANG_WARN_OBJC_ROOT_CLASS = YES_ERROR;
				CLANG_WARN_UNREACHABLE_CODE = YES;
				CLANG_WARN__DUPLICATE_METHOD_MATCH = YES;
				"CODE_SIGN_IDENTITY[sdk=iphoneos*]" = "iPhone Developer";
				COPY_PHASE_STRIP = NO;
				DEBUG_INFORMATION_FORMAT = "dwarf-with-dsym";
				ENABLE_NS_ASSERTIONS = NO;
				ENABLE_STRICT_OBJC_MSGSEND = YES;
				GCC_C_LANGUAGE_STANDARD = gnu99;
				GCC_NO_COMMON_BLOCKS = YES;
				GCC_WARN_64_TO_32_BIT_CONVERSION = YES;
				GCC_WARN_ABOUT_RETURN_TYPE = YES_ERROR;
				GCC_WARN_UNDECLARED_SELECTOR = YES;
				GCC_WARN_UNINITIALIZED_AUTOS = YES_AGGRESSIVE;
				GCC_WARN_UNUSED_FUNCTION = YES;
				GCC_WARN_UNUSED_VARIABLE = YES;
				IPHONEOS_DEPLOYMENT_TARGET = 9.2;
				MTL_ENABLE_DEBUG_INFO = NO;
				SDKROOT = iphoneos;
				VALIDATE_PRODUCT = YES;
			};
			name = Release;
		};
		AC15C0EA1C552AF8001260E4 /* Debug */ = {
			isa = XCBuildConfiguration;
			buildSettings = {
				ASSETCATALOG_COMPILER_APPICON_NAME = AppIcon;
				CODE_SIGN_IDENTITY = "iPhone Developer";
				INFOPLIST_FILE = "Cat Year/Info.plist";
				LD_RUNPATH_SEARCH_PATHS = "$(inherited) @executable_path/Frameworks";
				PRODUCT_BUNDLE_IDENTIFIER = "com.adisorn.Cat-Year";
				PRODUCT_NAME = "$(TARGET_NAME)";
			};
			name = Debug;
		};
		AC15C0EB1C552AF8001260E4 /* Release */ = {
			isa = XCBuildConfiguration;
			buildSettings = {
				ASSETCATALOG_COMPILER_APPICON_NAME = AppIcon;
				CODE_SIGN_IDENTITY = "iPhone Developer";
				INFOPLIST_FILE = "Cat Year/Info.plist";
				LD_RUNPATH_SEARCH_PATHS = "$(inherited) @executable_path/Frameworks";
				PRODUCT_BUNDLE_IDENTIFIER = "com.adisorn.Cat-Year";
				PRODUCT_NAME = "$(TARGET_NAME)";
			};
			name = Release;
		};
		AC15C0ED1C552AF8001260E4 /* Debug */ = {
			isa = XCBuildConfiguration;
			buildSettings = {
				BUNDLE_LOADER = "$(TEST_HOST)";
				INFOPLIST_FILE = "Cat YearTests/Info.plist";
				LD_RUNPATH_SEARCH_PATHS = "$(inherited) @executable_path/Frameworks @loader_path/Frameworks";
				PRODUCT_BUNDLE_IDENTIFIER = "com.adisorn.Cat-YearTests";
				PRODUCT_NAME = "$(TARGET_NAME)";
				TEST_HOST = "$(BUILT_PRODUCTS_DIR)/Cat Year.app/Cat Year";
			};
			name = Debug;
		};
		AC15C0EE1C552AF8001260E4 /* Release */ = {
			isa = XCBuildConfiguration;
			buildSettings = {
				BUNDLE_LOADER = "$(TEST_HOST)";
				INFOPLIST_FILE = "Cat YearTests/Info.plist";
				LD_RUNPATH_SEARCH_PATHS = "$(inherited) @executable_path/Frameworks @loader_path/Frameworks";
				PRODUCT_BUNDLE_IDENTIFIER = "com.adisorn.Cat-YearTests";
				PRODUCT_NAME = "$(TARGET_NAME)";
				TEST_HOST = "$(BUILT_PRODUCTS_DIR)/Cat Year.app/Cat Year";
			};
			name = Release;
		};
		AC15C0F01C552AF8001260E4 /* Debug */ = {
			isa = XCBuildConfiguration;
			buildSettings = {
				INFOPLIST_FILE = "Cat YearUITests/Info.plist";
				LD_RUNPATH_SEARCH_PATHS = "$(inherited) @executable_path/Frameworks @loader_path/Frameworks";
				PRODUCT_BUNDLE_IDENTIFIER = "com.adisorn.Cat-YearUITests";
				PRODUCT_NAME = "$(TARGET_NAME)";
				TEST_TARGET_NAME = "Cat Year";
				USES_XCTRUNNER = YES;
			};
			name = Debug;
		};
		AC15C0F11C552AF8001260E4 /* Release */ = {
			isa = XCBuildConfiguration;
			buildSettings = {
				INFOPLIST_FILE = "Cat YearUITests/Info.plist";
				LD_RUNPATH_SEARCH_PATHS = "$(inherited) @executable_path/Frameworks @loader_path/Frameworks";
				PRODUCT_BUNDLE_IDENTIFIER = "com.adisorn.Cat-YearUITests";
				PRODUCT_NAME = "$(TARGET_NAME)";
				TEST_TARGET_NAME = "Cat Year";
				USES_XCTRUNNER = YES;
			};
			name = Release;
		};
/* End XCBuildConfiguration section */

/* Begin XCConfigurationList section */
		AC15C0BC1C552AF8001260E4 /* Build configuration list for PBXProject "Cat Year" */ = {
			isa = XCConfigurationList;
			buildConfigurations = (
				AC15C0E71C552AF8001260E4 /* Debug */,
				AC15C0E81C552AF8001260E4 /* Release */,
			);
			defaultConfigurationIsVisible = 0;
			defaultConfigurationName = Release;
		};
		AC15C0E91C552AF8001260E4 /* Build configuration list for PBXNativeTarget "Cat Year" */ = {
			isa = XCConfigurationList;
			buildConfigurations = (
				AC15C0EA1C552AF8001260E4 /* Debug */,
				AC15C0EB1C552AF8001260E4 /* Release */,
			);
			defaultConfigurationIsVisible = 0;
		};
		AC15C0EC1C552AF8001260E4 /* Build configuration list for PBXNativeTarget "Cat YearTests" */ = {
			isa = XCConfigurationList;
			buildConfigurations = (
				AC15C0ED1C552AF8001260E4 /* Debug */,
				AC15C0EE1C552AF8001260E4 /* Release */,
			);
			defaultConfigurationIsVisible = 0;
		};
		AC15C0EF1C552AF8001260E4 /* Build configuration list for PBXNativeTarget "Cat YearUITests" */ = {
			isa = XCConfigurationList;
			buildConfigurations = (
				AC15C0F01C552AF8001260E4 /* Debug */,
				AC15C0F11C552AF8001260E4 /* Release */,
			);
			defaultConfigurationIsVisible = 0;
		};
/* End XCConfigurationList section */
	};
	rootObject = AC15C0B91C552AF8001260E4 /* Project object */;
}
